
Microsoft Visual Studio Solution File, Format Version 12.00
# Visual Studio Version 16
VisualStudioVersion = 16.0.30225.117
MinimumVisualStudioVersion = 10.0.40219.1
Project("{FAE04EC0-301F-11D3-BF4B-00C04F79EFBC}") = "SneknetRacing", "SneknetRacing\SneknetRacing.csproj", "{6E58D694-4A49-4BD7-9BD6-BB25FE73E9DF}"
EndProject
Global
	GlobalSection(SolutionConfigurationPlatforms) = preSolution
		Debug|Any CPU = Debug|Any CPU
		Release|Any CPU = Release|Any CPU
	EndGlobalSection
	GlobalSection(ProjectConfigurationPlatforms) = postSolution
		{6E58D694-4A49-4BD7-9BD6-BB25FE73E9DF}.Debug|Any CPU.ActiveCfg = Debug|Any CPU
		{6E58D694-4A49-4BD7-9BD6-BB25FE73E9DF}.Debug|Any CPU.Build.0 = Debug|Any CPU
		{6E58D694-4A49-4BD7-9BD6-BB25FE73E9DF}.Release|Any CPU.ActiveCfg = Release|Any CPU
		{6E58D694-4A49-4BD7-9BD6-BB25FE73E9DF}.Release|Any CPU.Build.0 = Release|Any CPU
	EndGlobalSection
	GlobalSection(SolutionProperties) = preSolution
		HideSolutionNode = FALSE
	EndGlobalSection
	GlobalSection(ExtensibilityGlobals) = postSolution
		SolutionGuid = {B75E8653-6FD3-4915-B79B-0D25C36CDBA2}
	EndGlobalSection
EndGlobal
